
Microsoft Visual Studio Solution File, Format Version 12.00
# Visual Studio Version 17
VisualStudioVersion = 17.14.36121.58
MinimumVisualStudioVersion = 10.0.40219.1
Project("{FAE04EC0-301F-11D3-BF4B-00C04F79EFBC}") = "SmartMeterServer", "SmartMeterServer\SmartMeterServer.csproj", "{44755899-811E-489D-878C-B13866B4589E}"
EndProject
Project("{FAE04EC0-301F-11D3-BF4B-00C04F79EFBC}") = "SmartMeterServer_NET.Test", "SmartMeterServer_NET.Test\SmartMeterServer_NET.Test.csproj", "{C84E790A-1CDF-43AA-80BA-1F76640FFC72}"
EndProject
Global
	GlobalSection(SolutionConfigurationPlatforms) = preSolution
		Debug|Any CPU = Debug|Any CPU
		Release|Any CPU = Release|Any CPU
	EndGlobalSection
	GlobalSection(ProjectConfigurationPlatforms) = postSolution
		{44755899-811E-489D-878C-B13866B4589E}.Debug|Any CPU.ActiveCfg = Debug|Any CPU
		{44755899-811E-489D-878C-B13866B4589E}.Debug|Any CPU.Build.0 = Debug|Any CPU
		{44755899-811E-489D-878C-B13866B4589E}.Release|Any CPU.ActiveCfg = Release|Any CPU
		{44755899-811E-489D-878C-B13866B4589E}.Release|Any CPU.Build.0 = Release|Any CPU
		{C84E790A-1CDF-43AA-80BA-1F76640FFC72}.Debug|Any CPU.ActiveCfg = Debug|Any CPU
		{C84E790A-1CDF-43AA-80BA-1F76640FFC72}.Debug|Any CPU.Build.0 = Debug|Any CPU
		{C84E790A-1CDF-43AA-80BA-1F76640FFC72}.Release|Any CPU.ActiveCfg = Release|Any CPU
		{C84E790A-1CDF-43AA-80BA-1F76640FFC72}.Release|Any CPU.Build.0 = Release|Any CPU
	EndGlobalSection
	GlobalSection(SolutionProperties) = preSolution
		HideSolutionNode = FALSE
	EndGlobalSection
	GlobalSection(ExtensibilityGlobals) = postSolution
		SolutionGuid = {AB9E4064-DA35-4FDE-B83D-B7FEB269E4C8}
	EndGlobalSection
EndGlobal
